// !$*UTF8*$!
{
	archiveVersion = 1;
	classes = {
	};
	objectVersion = 46;
	objects = {

/* Begin PBXBuildFile section */
		C364EA961CE1E3B00074FDCC /* AppDelegate.swift in Sources */ = {isa = PBXBuildFile; fileRef = C364EA951CE1E3B00074FDCC /* AppDelegate.swift */; };
		C364EA981CE1E3B10074FDCC /* ViewController.swift in Sources */ = {isa = PBXBuildFile; fileRef = C364EA971CE1E3B10074FDCC /* ViewController.swift */; };
		C364EA9B1CE1E3B10074FDCC /* Main.storyboard in Resources */ = {isa = PBXBuildFile; fileRef = C364EA991CE1E3B10074FDCC /* Main.storyboard */; };
		C364EA9D1CE1E3B10074FDCC /* Assets.xcassets in Resources */ = {isa = PBXBuildFile; fileRef = C364EA9C1CE1E3B10074FDCC /* Assets.xcassets */; };
		C364EAA01CE1E3B10074FDCC /* LaunchScreen.storyboard in Resources */ = {isa = PBXBuildFile; fileRef = C364EA9E1CE1E3B10074FDCC /* LaunchScreen.storyboard */; };
		C364EAAB1CE1E3B10074FDCC /* Socket_io_pushTests.swift in Sources */ = {isa = PBXBuildFile; fileRef = C364EAAA1CE1E3B10074FDCC /* Socket_io_pushTests.swift */; };
		C364EAFA1CE1E5480074FDCC /* PushIdGeneratorBase.swift in Sources */ = {isa = PBXBuildFile; fileRef = C364EAE41CE1E5480074FDCC /* PushIdGeneratorBase.swift */; };
		C364EAFB1CE1E5480074FDCC /* SocketAckEmitter.swift in Sources */ = {isa = PBXBuildFile; fileRef = C364EAE61CE1E5480074FDCC /* SocketAckEmitter.swift */; };
		C364EAFC1CE1E5480074FDCC /* SocketAckManager.swift in Sources */ = {isa = PBXBuildFile; fileRef = C364EAE71CE1E5480074FDCC /* SocketAckManager.swift */; };
		C364EAFD1CE1E5480074FDCC /* SocketAnyEvent.swift in Sources */ = {isa = PBXBuildFile; fileRef = C364EAE81CE1E5480074FDCC /* SocketAnyEvent.swift */; };
		C364EAFE1CE1E5480074FDCC /* SocketEngine.swift in Sources */ = {isa = PBXBuildFile; fileRef = C364EAE91CE1E5480074FDCC /* SocketEngine.swift */; };
		C364EAFF1CE1E5480074FDCC /* SocketEngineClient.swift in Sources */ = {isa = PBXBuildFile; fileRef = C364EAEA1CE1E5480074FDCC /* SocketEngineClient.swift */; };
		C364EB001CE1E5480074FDCC /* SocketEnginePacketType.swift in Sources */ = {isa = PBXBuildFile; fileRef = C364EAEB1CE1E5480074FDCC /* SocketEnginePacketType.swift */; };
		C364EB011CE1E5480074FDCC /* SocketEngineSpec.swift in Sources */ = {isa = PBXBuildFile; fileRef = C364EAEC1CE1E5480074FDCC /* SocketEngineSpec.swift */; };
		C364EB021CE1E5480074FDCC /* SocketEventHandler.swift in Sources */ = {isa = PBXBuildFile; fileRef = C364EAED1CE1E5480074FDCC /* SocketEventHandler.swift */; };
		C364EB031CE1E5480074FDCC /* SocketFixUTF8.swift in Sources */ = {isa = PBXBuildFile; fileRef = C364EAEE1CE1E5480074FDCC /* SocketFixUTF8.swift */; };
		C364EB041CE1E5480074FDCC /* SocketIOClient.swift in Sources */ = {isa = PBXBuildFile; fileRef = C364EAEF1CE1E5480074FDCC /* SocketIOClient.swift */; };
		C364EB051CE1E5480074FDCC /* SocketIOClientOption.swift in Sources */ = {isa = PBXBuildFile; fileRef = C364EAF01CE1E5480074FDCC /* SocketIOClientOption.swift */; };
		C364EB061CE1E5480074FDCC /* SocketIOClientStatus.swift in Sources */ = {isa = PBXBuildFile; fileRef = C364EAF11CE1E5480074FDCC /* SocketIOClientStatus.swift */; };
		C364EB071CE1E5480074FDCC /* SocketLogger.swift in Sources */ = {isa = PBXBuildFile; fileRef = C364EAF21CE1E5480074FDCC /* SocketLogger.swift */; };
		C364EB081CE1E5480074FDCC /* SocketPacket.swift in Sources */ = {isa = PBXBuildFile; fileRef = C364EAF31CE1E5480074FDCC /* SocketPacket.swift */; };
		C364EB091CE1E5480074FDCC /* SocketParser.swift in Sources */ = {isa = PBXBuildFile; fileRef = C364EAF41CE1E5480074FDCC /* SocketParser.swift */; };
		C364EB0A1CE1E5480074FDCC /* SocketStringReader.swift in Sources */ = {isa = PBXBuildFile; fileRef = C364EAF51CE1E5480074FDCC /* SocketStringReader.swift */; };
		C364EB0B1CE1E5480074FDCC /* SocketTypes.swift in Sources */ = {isa = PBXBuildFile; fileRef = C364EAF61CE1E5480074FDCC /* SocketTypes.swift */; };
		C364EB0C1CE1E5480074FDCC /* SwiftRegex.swift in Sources */ = {isa = PBXBuildFile; fileRef = C364EAF71CE1E5480074FDCC /* SwiftRegex.swift */; };
		C364EB0D1CE1E5480074FDCC /* WebSocket.swift in Sources */ = {isa = PBXBuildFile; fileRef = C364EAF81CE1E5480074FDCC /* WebSocket.swift */; };
		C364EB0E1CE1E5480074FDCC /* SocketIOProxyClient.swift in Sources */ = {isa = PBXBuildFile; fileRef = C364EAF91CE1E5480074FDCC /* SocketIOProxyClient.swift */; };
		C364EB151CE1E59A0074FDCC /* ChatInfo.swift in Sources */ = {isa = PBXBuildFile; fileRef = C364EB131CE1E59A0074FDCC /* ChatInfo.swift */; };
		C364EB161CE1E59A0074FDCC /* StorageUtil.swift in Sources */ = {isa = PBXBuildFile; fileRef = C364EB141CE1E59A0074FDCC /* StorageUtil.swift */; };
/* End PBXBuildFile section */

/* Begin PBXContainerItemProxy section */
		C364EAA71CE1E3B10074FDCC /* PBXContainerItemProxy */ = {
			isa = PBXContainerItemProxy;
			containerPortal = C364EA8A1CE1E3B00074FDCC /* Project object */;
			proxyType = 1;
			remoteGlobalIDString = C364EA911CE1E3B00074FDCC;
			remoteInfo = "Socket.io-push";
		};
/* End PBXContainerItemProxy section */

/* Begin PBXFileReference section */
		C364EA921CE1E3B00074FDCC /* Socket.io-push.app */ = {isa = PBXFileReference; explicitFileType = wrapper.application; includeInIndex = 0; path = "Socket.io-push.app"; sourceTree = BUILT_PRODUCTS_DIR; };
		C364EA951CE1E3B00074FDCC /* AppDelegate.swift */ = {isa = PBXFileReference; lastKnownFileType = sourcecode.swift; path = AppDelegate.swift; sourceTree = "<group>"; };
		C364EA971CE1E3B10074FDCC /* ViewController.swift */ = {isa = PBXFileReference; lastKnownFileType = sourcecode.swift; path = ViewController.swift; sourceTree = "<group>"; };
		C364EA9A1CE1E3B10074FDCC /* Base */ = {isa = PBXFileReference; lastKnownFileType = file.storyboard; name = Base; path = Base.lproj/Main.storyboard; sourceTree = "<group>"; };
		C364EA9C1CE1E3B10074FDCC /* Assets.xcassets */ = {isa = PBXFileReference; lastKnownFileType = folder.assetcatalog; path = Assets.xcassets; sourceTree = "<group>"; };
		C364EA9F1CE1E3B10074FDCC /* Base */ = {isa = PBXFileReference; lastKnownFileType = file.storyboard; name = Base; path = Base.lproj/LaunchScreen.storyboard; sourceTree = "<group>"; };
		C364EAA11CE1E3B10074FDCC /* Info.plist */ = {isa = PBXFileReference; lastKnownFileType = text.plist.xml; path = Info.plist; sourceTree = "<group>"; };
		C364EAA61CE1E3B10074FDCC /* Socket.io-pushTests.xctest */ = {isa = PBXFileReference; explicitFileType = wrapper.cfbundle; includeInIndex = 0; path = "Socket.io-pushTests.xctest"; sourceTree = BUILT_PRODUCTS_DIR; };
		C364EAAA1CE1E3B10074FDCC /* Socket_io_pushTests.swift */ = {isa = PBXFileReference; lastKnownFileType = sourcecode.swift; path = Socket_io_pushTests.swift; sourceTree = "<group>"; };
		C364EAAC1CE1E3B10074FDCC /* Info.plist */ = {isa = PBXFileReference; lastKnownFileType = text.plist.xml; path = Info.plist; sourceTree = "<group>"; };
		C364EAE31CE1E5480074FDCC /* misakaSwift.h */ = {isa = PBXFileReference; fileEncoding = 4; lastKnownFileType = sourcecode.c.h; path = misakaSwift.h; sourceTree = "<group>"; };
		C364EAE41CE1E5480074FDCC /* PushIdGeneratorBase.swift */ = {isa = PBXFileReference; fileEncoding = 4; lastKnownFileType = sourcecode.swift; path = PushIdGeneratorBase.swift; sourceTree = "<group>"; };
		C364EAE61CE1E5480074FDCC /* SocketAckEmitter.swift */ = {isa = PBXFileReference; fileEncoding = 4; lastKnownFileType = sourcecode.swift; path = SocketAckEmitter.swift; sourceTree = "<group>"; };
		C364EAE71CE1E5480074FDCC /* SocketAckManager.swift */ = {isa = PBXFileReference; fileEncoding = 4; lastKnownFileType = sourcecode.swift; path = SocketAckManager.swift; sourceTree = "<group>"; };
		C364EAE81CE1E5480074FDCC /* SocketAnyEvent.swift */ = {isa = PBXFileReference; fileEncoding = 4; lastKnownFileType = sourcecode.swift; path = SocketAnyEvent.swift; sourceTree = "<group>"; };
		C364EAE91CE1E5480074FDCC /* SocketEngine.swift */ = {isa = PBXFileReference; fileEncoding = 4; lastKnownFileType = sourcecode.swift; path = SocketEngine.swift; sourceTree = "<group>"; };
		C364EAEA1CE1E5480074FDCC /* SocketEngineClient.swift */ = {isa = PBXFileReference; fileEncoding = 4; lastKnownFileType = sourcecode.swift; path = SocketEngineClient.swift; sourceTree = "<group>"; };
		C364EAEB1CE1E5480074FDCC /* SocketEnginePacketType.swift */ = {isa = PBXFileReference; fileEncoding = 4; lastKnownFileType = sourcecode.swift; path = SocketEnginePacketType.swift; sourceTree = "<group>"; };
		C364EAEC1CE1E5480074FDCC /* SocketEngineSpec.swift */ = {isa = PBXFileReference; fileEncoding = 4; lastKnownFileType = sourcecode.swift; path = SocketEngineSpec.swift; sourceTree = "<group>"; };
		C364EAED1CE1E5480074FDCC /* SocketEventHandler.swift */ = {isa = PBXFileReference; fileEncoding = 4; lastKnownFileType = sourcecode.swift; path = SocketEventHandler.swift; sourceTree = "<group>"; };
		C364EAEE1CE1E5480074FDCC /* SocketFixUTF8.swift */ = {isa = PBXFileReference; fileEncoding = 4; lastKnownFileType = sourcecode.swift; path = SocketFixUTF8.swift; sourceTree = "<group>"; };
		C364EAEF1CE1E5480074FDCC /* SocketIOClient.swift */ = {isa = PBXFileReference; fileEncoding = 4; lastKnownFileType = sourcecode.swift; path = SocketIOClient.swift; sourceTree = "<group>"; };
		C364EAF01CE1E5480074FDCC /* SocketIOClientOption.swift */ = {isa = PBXFileReference; fileEncoding = 4; lastKnownFileType = sourcecode.swift; path = SocketIOClientOption.swift; sourceTree = "<group>"; };
		C364EAF11CE1E5480074FDCC /* SocketIOClientStatus.swift */ = {isa = PBXFileReference; fileEncoding = 4; lastKnownFileType = sourcecode.swift; path = SocketIOClientStatus.swift; sourceTree = "<group>"; };
		C364EAF21CE1E5480074FDCC /* SocketLogger.swift */ = {isa = PBXFileReference; fileEncoding = 4; lastKnownFileType = sourcecode.swift; path = SocketLogger.swift; sourceTree = "<group>"; };
		C364EAF31CE1E5480074FDCC /* SocketPacket.swift */ = {isa = PBXFileReference; fileEncoding = 4; lastKnownFileType = sourcecode.swift; path = SocketPacket.swift; sourceTree = "<group>"; };
		C364EAF41CE1E5480074FDCC /* SocketParser.swift */ = {isa = PBXFileReference; fileEncoding = 4; lastKnownFileType = sourcecode.swift; path = SocketParser.swift; sourceTree = "<group>"; };
		C364EAF51CE1E5480074FDCC /* SocketStringReader.swift */ = {isa = PBXFileReference; fileEncoding = 4; lastKnownFileType = sourcecode.swift; path = SocketStringReader.swift; sourceTree = "<group>"; };
		C364EAF61CE1E5480074FDCC /* SocketTypes.swift */ = {isa = PBXFileReference; fileEncoding = 4; lastKnownFileType = sourcecode.swift; path = SocketTypes.swift; sourceTree = "<group>"; };
		C364EAF71CE1E5480074FDCC /* SwiftRegex.swift */ = {isa = PBXFileReference; fileEncoding = 4; lastKnownFileType = sourcecode.swift; path = SwiftRegex.swift; sourceTree = "<group>"; };
		C364EAF81CE1E5480074FDCC /* WebSocket.swift */ = {isa = PBXFileReference; fileEncoding = 4; lastKnownFileType = sourcecode.swift; path = WebSocket.swift; sourceTree = "<group>"; };
		C364EAF91CE1E5480074FDCC /* SocketIOProxyClient.swift */ = {isa = PBXFileReference; fileEncoding = 4; lastKnownFileType = sourcecode.swift; path = SocketIOProxyClient.swift; sourceTree = "<group>"; };
		C364EB131CE1E59A0074FDCC /* ChatInfo.swift */ = {isa = PBXFileReference; fileEncoding = 4; lastKnownFileType = sourcecode.swift; path = ChatInfo.swift; sourceTree = "<group>"; };
		C364EB141CE1E59A0074FDCC /* StorageUtil.swift */ = {isa = PBXFileReference; fileEncoding = 4; lastKnownFileType = sourcecode.swift; path = StorageUtil.swift; sourceTree = "<group>"; };
/* End PBXFileReference section */

/* Begin PBXFrameworksBuildPhase section */
		C364EA8F1CE1E3B00074FDCC /* Frameworks */ = {
			isa = PBXFrameworksBuildPhase;
			buildActionMask = 2147483647;
			files = (
			);
			runOnlyForDeploymentPostprocessing = 0;
		};
		C364EAA31CE1E3B10074FDCC /* Frameworks */ = {
			isa = PBXFrameworksBuildPhase;
			buildActionMask = 2147483647;
			files = (
			);
			runOnlyForDeploymentPostprocessing = 0;
		};
/* End PBXFrameworksBuildPhase section */

/* Begin PBXGroup section */
		C364EA891CE1E3B00074FDCC = {
			isa = PBXGroup;
			children = (
				C364EA941CE1E3B00074FDCC /* Socket.io-push */,
				C364EAA91CE1E3B10074FDCC /* Socket.io-pushTests */,
				C364EA931CE1E3B00074FDCC /* Products */,
			);
			sourceTree = "<group>";
		};
		C364EA931CE1E3B00074FDCC /* Products */ = {
			isa = PBXGroup;
			children = (
				C364EA921CE1E3B00074FDCC /* Socket.io-push.app */,
				C364EAA61CE1E3B10074FDCC /* Socket.io-pushTests.xctest */,
			);
			name = Products;
			sourceTree = "<group>";
		};
		C364EA941CE1E3B00074FDCC /* Socket.io-push */ = {
			isa = PBXGroup;
			children = (
				C364EAE21CE1E5480074FDCC /* push-swift */,
				C364EA951CE1E3B00074FDCC /* AppDelegate.swift */,
				C364EA971CE1E3B10074FDCC /* ViewController.swift */,
				C364EB131CE1E59A0074FDCC /* ChatInfo.swift */,
				C364EB141CE1E59A0074FDCC /* StorageUtil.swift */,
				C364EA991CE1E3B10074FDCC /* Main.storyboard */,
				C364EA9C1CE1E3B10074FDCC /* Assets.xcassets */,
				C364EA9E1CE1E3B10074FDCC /* LaunchScreen.storyboard */,
				C364EAA11CE1E3B10074FDCC /* Info.plist */,
			);
			path = "Socket.io-push";
			sourceTree = "<group>";
		};
		C364EAA91CE1E3B10074FDCC /* Socket.io-pushTests */ = {
			isa = PBXGroup;
			children = (
				C364EAAA1CE1E3B10074FDCC /* Socket_io_pushTests.swift */,
				C364EAAC1CE1E3B10074FDCC /* Info.plist */,
			);
			path = "Socket.io-pushTests";
			sourceTree = "<group>";
		};
		C364EAE21CE1E5480074FDCC /* push-swift */ = {
			isa = PBXGroup;
			children = (
				C364EAE51CE1E5480074FDCC /* SocketIOClientSwift */,
				C364EAE31CE1E5480074FDCC /* misakaSwift.h */,
				C364EAE41CE1E5480074FDCC /* PushIdGeneratorBase.swift */,
				C364EAF91CE1E5480074FDCC /* SocketIOProxyClient.swift */,
			);
			path = "push-swift";
			sourceTree = "<group>";
		};
		C364EAE51CE1E5480074FDCC /* SocketIOClientSwift */ = {
			isa = PBXGroup;
			children = (
				C364EAE61CE1E5480074FDCC /* SocketAckEmitter.swift */,
				C364EAE71CE1E5480074FDCC /* SocketAckManager.swift */,
				C364EAE81CE1E5480074FDCC /* SocketAnyEvent.swift */,
				C364EAE91CE1E5480074FDCC /* SocketEngine.swift */,
				C364EAEA1CE1E5480074FDCC /* SocketEngineClient.swift */,
				C364EAEB1CE1E5480074FDCC /* SocketEnginePacketType.swift */,
				C364EAEC1CE1E5480074FDCC /* SocketEngineSpec.swift */,
				C364EAED1CE1E5480074FDCC /* SocketEventHandler.swift */,
				C364EAEE1CE1E5480074FDCC /* SocketFixUTF8.swift */,
				C364EAEF1CE1E5480074FDCC /* SocketIOClient.swift */,
				C364EAF01CE1E5480074FDCC /* SocketIOClientOption.swift */,
				C364EAF11CE1E5480074FDCC /* SocketIOClientStatus.swift */,
				C364EAF21CE1E5480074FDCC /* SocketLogger.swift */,
				C364EAF31CE1E5480074FDCC /* SocketPacket.swift */,
				C364EAF41CE1E5480074FDCC /* SocketParser.swift */,
				C364EAF51CE1E5480074FDCC /* SocketStringReader.swift */,
				C364EAF61CE1E5480074FDCC /* SocketTypes.swift */,
				C364EAF71CE1E5480074FDCC /* SwiftRegex.swift */,
				C364EAF81CE1E5480074FDCC /* WebSocket.swift */,
			);
			path = SocketIOClientSwift;
			sourceTree = "<group>";
		};
/* End PBXGroup section */

/* Begin PBXNativeTarget section */
		C364EA911CE1E3B00074FDCC /* Socket.io-push */ = {
			isa = PBXNativeTarget;
			buildConfigurationList = C364EAAF1CE1E3B10074FDCC /* Build configuration list for PBXNativeTarget "Socket.io-push" */;
			buildPhases = (
				C364EA8E1CE1E3B00074FDCC /* Sources */,
				C364EA8F1CE1E3B00074FDCC /* Frameworks */,
				C364EA901CE1E3B00074FDCC /* Resources */,
			);
			buildRules = (
			);
			dependencies = (
			);
			name = "Socket.io-push";
			productName = "Socket.io-push";
			productReference = C364EA921CE1E3B00074FDCC /* Socket.io-push.app */;
			productType = "com.apple.product-type.application";
		};
		C364EAA51CE1E3B10074FDCC /* Socket.io-pushTests */ = {
			isa = PBXNativeTarget;
			buildConfigurationList = C364EAB21CE1E3B10074FDCC /* Build configuration list for PBXNativeTarget "Socket.io-pushTests" */;
			buildPhases = (
				C364EAA21CE1E3B10074FDCC /* Sources */,
				C364EAA31CE1E3B10074FDCC /* Frameworks */,
				C364EAA41CE1E3B10074FDCC /* Resources */,
			);
			buildRules = (
			);
			dependencies = (
				C364EAA81CE1E3B10074FDCC /* PBXTargetDependency */,
			);
			name = "Socket.io-pushTests";
			productName = "Socket.io-pushTests";
			productReference = C364EAA61CE1E3B10074FDCC /* Socket.io-pushTests.xctest */;
			productType = "com.apple.product-type.bundle.unit-test";
		};
/* End PBXNativeTarget section */

/* Begin PBXProject section */
		C364EA8A1CE1E3B00074FDCC /* Project object */ = {
			isa = PBXProject;
			attributes = {
				LastSwiftUpdateCheck = 0730;
				LastUpgradeCheck = 0730;
				ORGANIZATIONNAME = Gocy;
				TargetAttributes = {
					C364EA911CE1E3B00074FDCC = {
						CreatedOnToolsVersion = 7.3;
					};
					C364EAA51CE1E3B10074FDCC = {
						CreatedOnToolsVersion = 7.3;
						TestTargetID = C364EA911CE1E3B00074FDCC;
					};
				};
			};
			buildConfigurationList = C364EA8D1CE1E3B00074FDCC /* Build configuration list for PBXProject "Socket.io-push" */;
			compatibilityVersion = "Xcode 3.2";
			developmentRegion = English;
			hasScannedForEncodings = 0;
			knownRegions = (
				en,
				Base,
			);
			mainGroup = C364EA891CE1E3B00074FDCC;
			productRefGroup = C364EA931CE1E3B00074FDCC /* Products */;
			projectDirPath = "";
			projectRoot = "";
			targets = (
				C364EA911CE1E3B00074FDCC /* Socket.io-push */,
				C364EAA51CE1E3B10074FDCC /* Socket.io-pushTests */,
			);
		};
/* End PBXProject section */

/* Begin PBXResourcesBuildPhase section */
		C364EA901CE1E3B00074FDCC /* Resources */ = {
			isa = PBXResourcesBuildPhase;
			buildActionMask = 2147483647;
			files = (
				C364EAA01CE1E3B10074FDCC /* LaunchScreen.storyboard in Resources */,
				C364EA9D1CE1E3B10074FDCC /* Assets.xcassets in Resources */,
				C364EA9B1CE1E3B10074FDCC /* Main.storyboard in Resources */,
			);
			runOnlyForDeploymentPostprocessing = 0;
		};
		C364EAA41CE1E3B10074FDCC /* Resources */ = {
			isa = PBXResourcesBuildPhase;
			buildActionMask = 2147483647;
			files = (
			);
			runOnlyForDeploymentPostprocessing = 0;
		};
/* End PBXResourcesBuildPhase section */

/* Begin PBXSourcesBuildPhase section */
		C364EA8E1CE1E3B00074FDCC /* Sources */ = {
			isa = PBXSourcesBuildPhase;
			buildActionMask = 2147483647;
			files = (
				C364EAFA1CE1E5480074FDCC /* PushIdGeneratorBase.swift in Sources */,
				C364EB061CE1E5480074FDCC /* SocketIOClientStatus.swift in Sources */,
				C364EB0B1CE1E5480074FDCC /* SocketTypes.swift in Sources */,
				C364EB0D1CE1E5480074FDCC /* WebSocket.swift in Sources */,
				C364EAFF1CE1E5480074FDCC /* SocketEngineClient.swift in Sources */,
				C364EAFC1CE1E5480074FDCC /* SocketAckManager.swift in Sources */,
				C364EB011CE1E5480074FDCC /* SocketEngineSpec.swift in Sources */,
				C364EAFD1CE1E5480074FDCC /* SocketAnyEvent.swift in Sources */,
				C364EB071CE1E5480074FDCC /* SocketLogger.swift in Sources */,
				C364EB021CE1E5480074FDCC /* SocketEventHandler.swift in Sources */,
				C364EB0A1CE1E5480074FDCC /* SocketStringReader.swift in Sources */,
				C364EAFE1CE1E5480074FDCC /* SocketEngine.swift in Sources */,
				C364EA981CE1E3B10074FDCC /* ViewController.swift in Sources */,
				C364EB151CE1E59A0074FDCC /* ChatInfo.swift in Sources */,
				C364EA961CE1E3B00074FDCC /* AppDelegate.swift in Sources */,
				C364EB091CE1E5480074FDCC /* SocketParser.swift in Sources */,
				C364EB031CE1E5480074FDCC /* SocketFixUTF8.swift in Sources */,
				C364EB051CE1E5480074FDCC /* SocketIOClientOption.swift in Sources */,
				C364EB041CE1E5480074FDCC /* SocketIOClient.swift in Sources */,
				C364EB0E1CE1E5480074FDCC /* SocketIOProxyClient.swift in Sources */,
				C364EB0C1CE1E5480074FDCC /* SwiftRegex.swift in Sources */,
				C364EB001CE1E5480074FDCC /* SocketEnginePacketType.swift in Sources */,
				C364EB081CE1E5480074FDCC /* SocketPacket.swift in Sources */,
				C364EB161CE1E59A0074FDCC /* StorageUtil.swift in Sources */,
				C364EAFB1CE1E5480074FDCC /* SocketAckEmitter.swift in Sources */,
			);
			runOnlyForDeploymentPostprocessing = 0;
		};
		C364EAA21CE1E3B10074FDCC /* Sources */ = {
			isa = PBXSourcesBuildPhase;
			buildActionMask = 2147483647;
			files = (
				C364EAAB1CE1E3B10074FDCC /* Socket_io_pushTests.swift in Sources */,
			);
			runOnlyForDeploymentPostprocessing = 0;
		};
/* End PBXSourcesBuildPhase section */

/* Begin PBXTargetDependency section */
		C364EAA81CE1E3B10074FDCC /* PBXTargetDependency */ = {
			isa = PBXTargetDependency;
			target = C364EA911CE1E3B00074FDCC /* Socket.io-push */;
			targetProxy = C364EAA71CE1E3B10074FDCC /* PBXContainerItemProxy */;
		};
/* End PBXTargetDependency section */

/* Begin PBXVariantGroup section */
		C364EA991CE1E3B10074FDCC /* Main.storyboard */ = {
			isa = PBXVariantGroup;
			children = (
				C364EA9A1CE1E3B10074FDCC /* Base */,
			);
			name = Main.storyboard;
			sourceTree = "<group>";
		};
		C364EA9E1CE1E3B10074FDCC /* LaunchScreen.storyboard */ = {
			isa = PBXVariantGroup;
			children = (
				C364EA9F1CE1E3B10074FDCC /* Base */,
			);
			name = LaunchScreen.storyboard;
			sourceTree = "<group>";
		};
/* End PBXVariantGroup section */

/* Begin XCBuildConfiguration section */
		C364EAAD1CE1E3B10074FDCC /* Debug */ = {
			isa = XCBuildConfiguration;
			buildSettings = {
				ALWAYS_SEARCH_USER_PATHS = NO;
				CLANG_ANALYZER_NONNULL = YES;
				CLANG_CXX_LANGUAGE_STANDARD = "gnu++0x";
				CLANG_CXX_LIBRARY = "libc++";
				CLANG_ENABLE_MODULES = YES;
				CLANG_ENABLE_OBJC_ARC = YES;
				CLANG_WARN_BOOL_CONVERSION = YES;
				CLANG_WARN_CONSTANT_CONVERSION = YES;
				CLANG_WARN_DIRECT_OBJC_ISA_USAGE = YES_ERROR;
				CLANG_WARN_EMPTY_BODY = YES;
				CLANG_WARN_ENUM_CONVERSION = YES;
				CLANG_WARN_INT_CONVERSION = YES;
				CLANG_WARN_OBJC_ROOT_CLASS = YES_ERROR;
				CLANG_WARN_UNREACHABLE_CODE = YES;
				CLANG_WARN__DUPLICATE_METHOD_MATCH = YES;
				"CODE_SIGN_IDENTITY[sdk=iphoneos*]" = "iPhone Developer";
				COPY_PHASE_STRIP = NO;
				DEBUG_INFORMATION_FORMAT = dwarf;
				ENABLE_STRICT_OBJC_MSGSEND = YES;
				ENABLE_TESTABILITY = YES;
				GCC_C_LANGUAGE_STANDARD = gnu99;
				GCC_DYNAMIC_NO_PIC = NO;
				GCC_NO_COMMON_BLOCKS = YES;
				GCC_OPTIMIZATION_LEVEL = 0;
				GCC_PREPROCESSOR_DEFINITIONS = (
					"DEBUG=1",
					"$(inherited)",
				);
				GCC_WARN_64_TO_32_BIT_CONVERSION = YES;
				GCC_WARN_ABOUT_RETURN_TYPE = YES_ERROR;
				GCC_WARN_UNDECLARED_SELECTOR = YES;
				GCC_WARN_UNINITIALIZED_AUTOS = YES_AGGRESSIVE;
				GCC_WARN_UNUSED_FUNCTION = YES;
				GCC_WARN_UNUSED_VARIABLE = YES;
				IPHONEOS_DEPLOYMENT_TARGET = 9.3;
				MTL_ENABLE_DEBUG_INFO = YES;
				ONLY_ACTIVE_ARCH = YES;
				SDKROOT = iphoneos;
				SWIFT_OPTIMIZATION_LEVEL = "-Onone";
				TARGETED_DEVICE_FAMILY = "1,2";
			};
			name = Debug;
		};
		C364EAAE1CE1E3B10074FDCC /* Release */ = {
			isa = XCBuildConfiguration;
			buildSettings = {
				ALWAYS_SEARCH_USER_PATHS = NO;
				CLANG_ANALYZER_NONNULL = YES;
				CLANG_CXX_LANGUAGE_STANDARD = "gnu++0x";
				CLANG_CXX_LIBRARY = "libc++";
				CLANG_ENABLE_MODULES = YES;
				CLANG_ENABLE_OBJC_ARC = YES;
				CLANG_WARN_BOOL_CONVERSION = YES;
				CLANG_WARN_CONSTANT_CONVERSION = YES;
				CLANG_WARN_DIRECT_OBJC_ISA_USAGE = YES_ERROR;
				CLANG_WARN_EMPTY_BODY = YES;
				CLANG_WARN_ENUM_CONVERSION = YES;
				CLANG_WARN_INT_CONVERSION = YES;
				CLANG_WARN_OBJC_ROOT_CLASS = YES_ERROR;
				CLANG_WARN_UNREACHABLE_CODE = YES;
				CLANG_WARN__DUPLICATE_METHOD_MATCH = YES;
				"CODE_SIGN_IDENTITY[sdk=iphoneos*]" = "iPhone Developer";
				COPY_PHASE_STRIP = NO;
				DEBUG_INFORMATION_FORMAT = "dwarf-with-dsym";
				ENABLE_NS_ASSERTIONS = NO;
				ENABLE_STRICT_OBJC_MSGSEND = YES;
				GCC_C_LANGUAGE_STANDARD = gnu99;
				GCC_NO_COMMON_BLOCKS = YES;
				GCC_WARN_64_TO_32_BIT_CONVERSION = YES;
				GCC_WARN_ABOUT_RETURN_TYPE = YES_ERROR;
				GCC_WARN_UNDECLARED_SELECTOR = YES;
				GCC_WARN_UNINITIALIZED_AUTOS = YES_AGGRESSIVE;
				GCC_WARN_UNUSED_FUNCTION = YES;
				GCC_WARN_UNUSED_VARIABLE = YES;
				IPHONEOS_DEPLOYMENT_TARGET = 9.3;
				MTL_ENABLE_DEBUG_INFO = NO;
				SDKROOT = iphoneos;
				TARGETED_DEVICE_FAMILY = "1,2";
				VALIDATE_PRODUCT = YES;
			};
			name = Release;
		};
		C364EAB01CE1E3B10074FDCC /* Debug */ = {
			isa = XCBuildConfiguration;
			buildSettings = {
				ASSETCATALOG_COMPILER_APPICON_NAME = AppIcon;
				INFOPLIST_FILE = "Socket.io-push/Info.plist";
				IPHONEOS_DEPLOYMENT_TARGET = 7.0;
				LD_RUNPATH_SEARCH_PATHS = "$(inherited) @executable_path/Frameworks";
				PRODUCT_BUNDLE_IDENTIFIER = "com.xuduo.Socket-io-push";
				PRODUCT_NAME = "$(TARGET_NAME)";
			};
			name = Debug;
		};
		C364EAB11CE1E3B10074FDCC /* Release */ = {
			isa = XCBuildConfiguration;
			buildSettings = {
				ASSETCATALOG_COMPILER_APPICON_NAME = AppIcon;
				INFOPLIST_FILE = "Socket.io-push/Info.plist";
				IPHONEOS_DEPLOYMENT_TARGET = 7.0;
				LD_RUNPATH_SEARCH_PATHS = "$(inherited) @executable_path/Frameworks";
				PRODUCT_BUNDLE_IDENTIFIER = "com.xuduo.Socket-io-push";
				PRODUCT_NAME = "$(TARGET_NAME)";
			};
			name = Release;
		};
		C364EAB31CE1E3B10074FDCC /* Debug */ = {
			isa = XCBuildConfiguration;
			buildSettings = {
				BUNDLE_LOADER = "$(TEST_HOST)";
				INFOPLIST_FILE = "Socket.io-pushTests/Info.plist";
				LD_RUNPATH_SEARCH_PATHS = "$(inherited) @executable_path/Frameworks @loader_path/Frameworks";
				PRODUCT_BUNDLE_IDENTIFIER = "com.xuduo.Socket-io-pushTests";
				PRODUCT_NAME = "$(TARGET_NAME)";
				TEST_HOST = "$(BUILT_PRODUCTS_DIR)/Socket.io-push.app/Socket.io-push";
			};
			name = Debug;
		};
		C364EAB41CE1E3B10074FDCC /* Release */ = {
			isa = XCBuildConfiguration;
			buildSettings = {
				BUNDLE_LOADER = "$(TEST_HOST)";
				INFOPLIST_FILE = "Socket.io-pushTests/Info.plist";
				LD_RUNPATH_SEARCH_PATHS = "$(inherited) @executable_path/Frameworks @loader_path/Frameworks";
				PRODUCT_BUNDLE_IDENTIFIER = "com.xuduo.Socket-io-pushTests";
				PRODUCT_NAME = "$(TARGET_NAME)";
				TEST_HOST = "$(BUILT_PRODUCTS_DIR)/Socket.io-push.app/Socket.io-push";
			};
			name = Release;
		};
/* End XCBuildConfiguration section */

/* Begin XCConfigurationList section */
		C364EA8D1CE1E3B00074FDCC /* Build configuration list for PBXProject "Socket.io-push" */ = {
			isa = XCConfigurationList;
			buildConfigurations = (
				C364EAAD1CE1E3B10074FDCC /* Debug */,
				C364EAAE1CE1E3B10074FDCC /* Release */,
			);
			defaultConfigurationIsVisible = 0;
			defaultConfigurationName = Release;
		};
		C364EAAF1CE1E3B10074FDCC /* Build configuration list for PBXNativeTarget "Socket.io-push" */ = {
			isa = XCConfigurationList;
			buildConfigurations = (
				C364EAB01CE1E3B10074FDCC /* Debug */,
				C364EAB11CE1E3B10074FDCC /* Release */,
			);
			defaultConfigurationIsVisible = 0;
		};
		C364EAB21CE1E3B10074FDCC /* Build configuration list for PBXNativeTarget "Socket.io-pushTests" */ = {
			isa = XCConfigurationList;
			buildConfigurations = (
				C364EAB31CE1E3B10074FDCC /* Debug */,
				C364EAB41CE1E3B10074FDCC /* Release */,
			);
			defaultConfigurationIsVisible = 0;
		};
/* End XCConfigurationList section */
	};
	rootObject = C364EA8A1CE1E3B00074FDCC /* Project object */;
}
