// !$*UTF8*$!
{
	archiveVersion = 1;
	classes = {
	};
	objectVersion = 46;
	objects = {

/* Begin PBXBuildFile section */
		4A27BCC1CC85F1400D1AC2F6 /* libPods-Socket.io-push.a in Frameworks */ = {isa = PBXBuildFile; fileRef = 69E3C2C9E386339F2FBAB091 /* libPods-Socket.io-push.a */; };
		7327ECAE1CE3122600092D85 /* AppDelegate.swift in Sources */ = {isa = PBXBuildFile; fileRef = 7327ECA41CE3122600092D85 /* AppDelegate.swift */; };
		7327ECAF1CE3122600092D85 /* Assets.xcassets in Resources */ = {isa = PBXBuildFile; fileRef = 7327ECA51CE3122600092D85 /* Assets.xcassets */; };
		7327ECB01CE3122600092D85 /* LaunchScreen.storyboard in Resources */ = {isa = PBXBuildFile; fileRef = 7327ECA61CE3122600092D85 /* LaunchScreen.storyboard */; };
		7327ECB11CE3122600092D85 /* Main.storyboard in Resources */ = {isa = PBXBuildFile; fileRef = 7327ECA81CE3122600092D85 /* Main.storyboard */; };
		7327ECB21CE3122600092D85 /* ChatInfo.swift in Sources */ = {isa = PBXBuildFile; fileRef = 7327ECAA1CE3122600092D85 /* ChatInfo.swift */; };
		7327ECB31CE3122600092D85 /* Info.plist in Resources */ = {isa = PBXBuildFile; fileRef = 7327ECAB1CE3122600092D85 /* Info.plist */; };
		7327ECB51CE3122600092D85 /* ViewController.swift in Sources */ = {isa = PBXBuildFile; fileRef = 7327ECAD1CE3122600092D85 /* ViewController.swift */; };
		73F6D8781D76B41500885BF9 /* MisakaSocketOcEvent.m in Sources */ = {isa = PBXBuildFile; fileRef = 73F6D86D1D76B41500885BF9 /* MisakaSocketOcEvent.m */; };
		73F6D8791D76B41500885BF9 /* PushIdGeneratorBaseOc.m in Sources */ = {isa = PBXBuildFile; fileRef = 73F6D86F1D76B41500885BF9 /* PushIdGeneratorBaseOc.m */; };
		73F6D87A1D76B41500885BF9 /* SocketIOProxyClientOC.m in Sources */ = {isa = PBXBuildFile; fileRef = 73F6D8711D76B41500885BF9 /* SocketIOProxyClientOC.m */; };
		73F6D87B1D76B41500885BF9 /* SocketPacketOc.m in Sources */ = {isa = PBXBuildFile; fileRef = 73F6D8731D76B41500885BF9 /* SocketPacketOc.m */; };
		73F6D87C1D76B41500885BF9 /* SocketParserOc.m in Sources */ = {isa = PBXBuildFile; fileRef = 73F6D8751D76B41500885BF9 /* SocketParserOc.m */; };
		73F6D87D1D76B41500885BF9 /* SocketStringReaderOc.m in Sources */ = {isa = PBXBuildFile; fileRef = 73F6D8771D76B41500885BF9 /* SocketStringReaderOc.m */; };
/* End PBXBuildFile section */

/* Begin PBXContainerItemProxy section */
		C3567E791CE45A5F007F1216 /* PBXContainerItemProxy */ = {
			isa = PBXContainerItemProxy;
			containerPortal = C364EA8A1CE1E3B00074FDCC /* Project object */;
			proxyType = 1;
			remoteGlobalIDString = C364EA911CE1E3B00074FDCC;
			remoteInfo = "Socket.io-push";
		};
/* End PBXContainerItemProxy section */

/* Begin PBXFileReference section */
		24961991AA11FC558A8EA2EE /* Pods-Socket.io-push.release.xcconfig */ = {isa = PBXFileReference; includeInIndex = 1; lastKnownFileType = text.xcconfig; name = "Pods-Socket.io-push.release.xcconfig"; path = "Pods/Target Support Files/Pods-Socket.io-push/Pods-Socket.io-push.release.xcconfig"; sourceTree = "<group>"; };
		41FD6007DA9537155CBAF04D /* Pods-Socket.io-push.debug.xcconfig */ = {isa = PBXFileReference; includeInIndex = 1; lastKnownFileType = text.xcconfig; name = "Pods-Socket.io-push.debug.xcconfig"; path = "Pods/Target Support Files/Pods-Socket.io-push/Pods-Socket.io-push.debug.xcconfig"; sourceTree = "<group>"; };
		69E3C2C9E386339F2FBAB091 /* libPods-Socket.io-push.a */ = {isa = PBXFileReference; explicitFileType = archive.ar; includeInIndex = 0; path = "libPods-Socket.io-push.a"; sourceTree = BUILT_PRODUCTS_DIR; };
		7327ECA41CE3122600092D85 /* AppDelegate.swift */ = {isa = PBXFileReference; fileEncoding = 4; lastKnownFileType = sourcecode.swift; path = AppDelegate.swift; sourceTree = "<group>"; };
		7327ECA51CE3122600092D85 /* Assets.xcassets */ = {isa = PBXFileReference; lastKnownFileType = folder.assetcatalog; path = Assets.xcassets; sourceTree = "<group>"; };
		7327ECA71CE3122600092D85 /* Base */ = {isa = PBXFileReference; lastKnownFileType = file.storyboard; name = Base; path = Base.lproj/LaunchScreen.storyboard; sourceTree = "<group>"; };
		7327ECA91CE3122600092D85 /* Base */ = {isa = PBXFileReference; lastKnownFileType = file.storyboard; name = Base; path = Base.lproj/Main.storyboard; sourceTree = "<group>"; };
		7327ECAA1CE3122600092D85 /* ChatInfo.swift */ = {isa = PBXFileReference; fileEncoding = 4; lastKnownFileType = sourcecode.swift; path = ChatInfo.swift; sourceTree = "<group>"; };
		7327ECAB1CE3122600092D85 /* Info.plist */ = {isa = PBXFileReference; fileEncoding = 4; lastKnownFileType = text.plist.xml; path = Info.plist; sourceTree = "<group>"; };
		7327ECAD1CE3122600092D85 /* ViewController.swift */ = {isa = PBXFileReference; fileEncoding = 4; lastKnownFileType = sourcecode.swift; path = ViewController.swift; sourceTree = "<group>"; };
		7357A9F41E03ADE60084434E /* Socket.io-push.entitlements */ = {isa = PBXFileReference; lastKnownFileType = text.plist.entitlements; name = "Socket.io-push.entitlements"; path = "Socket.io-push/Socket.io-push.entitlements"; sourceTree = "<group>"; };
		738080CC1D76BCFB006FAD59 /* push-Bridging-Header.h */ = {isa = PBXFileReference; lastKnownFileType = sourcecode.c.h; path = "push-Bridging-Header.h"; sourceTree = "<group>"; };
		73F6D86C1D76B41500885BF9 /* MisakaSocketOcEvent.h */ = {isa = PBXFileReference; fileEncoding = 4; lastKnownFileType = sourcecode.c.h; path = MisakaSocketOcEvent.h; sourceTree = "<group>"; };
		73F6D86D1D76B41500885BF9 /* MisakaSocketOcEvent.m */ = {isa = PBXFileReference; fileEncoding = 4; lastKnownFileType = sourcecode.c.objc; path = MisakaSocketOcEvent.m; sourceTree = "<group>"; };
		73F6D86E1D76B41500885BF9 /* PushIdGeneratorBaseOc.h */ = {isa = PBXFileReference; fileEncoding = 4; lastKnownFileType = sourcecode.c.h; path = PushIdGeneratorBaseOc.h; sourceTree = "<group>"; };
		73F6D86F1D76B41500885BF9 /* PushIdGeneratorBaseOc.m */ = {isa = PBXFileReference; fileEncoding = 4; lastKnownFileType = sourcecode.c.objc; path = PushIdGeneratorBaseOc.m; sourceTree = "<group>"; };
		73F6D8701D76B41500885BF9 /* SocketIOProxyClientOC.h */ = {isa = PBXFileReference; fileEncoding = 4; lastKnownFileType = sourcecode.c.h; path = SocketIOProxyClientOC.h; sourceTree = "<group>"; };
		73F6D8711D76B41500885BF9 /* SocketIOProxyClientOC.m */ = {isa = PBXFileReference; fileEncoding = 4; lastKnownFileType = sourcecode.c.objc; path = SocketIOProxyClientOC.m; sourceTree = "<group>"; };
		73F6D8721D76B41500885BF9 /* SocketPacketOc.h */ = {isa = PBXFileReference; fileEncoding = 4; lastKnownFileType = sourcecode.c.h; path = SocketPacketOc.h; sourceTree = "<group>"; };
		73F6D8731D76B41500885BF9 /* SocketPacketOc.m */ = {isa = PBXFileReference; fileEncoding = 4; lastKnownFileType = sourcecode.c.objc; path = SocketPacketOc.m; sourceTree = "<group>"; };
		73F6D8741D76B41500885BF9 /* SocketParserOc.h */ = {isa = PBXFileReference; fileEncoding = 4; lastKnownFileType = sourcecode.c.h; path = SocketParserOc.h; sourceTree = "<group>"; };
		73F6D8751D76B41500885BF9 /* SocketParserOc.m */ = {isa = PBXFileReference; fileEncoding = 4; lastKnownFileType = sourcecode.c.objc; path = SocketParserOc.m; sourceTree = "<group>"; };
		73F6D8761D76B41500885BF9 /* SocketStringReaderOc.h */ = {isa = PBXFileReference; fileEncoding = 4; lastKnownFileType = sourcecode.c.h; path = SocketStringReaderOc.h; sourceTree = "<group>"; };
		73F6D8771D76B41500885BF9 /* SocketStringReaderOc.m */ = {isa = PBXFileReference; fileEncoding = 4; lastKnownFileType = sourcecode.c.objc; path = SocketStringReaderOc.m; sourceTree = "<group>"; };
		C3567E741CE45A5F007F1216 /* socket.io-push-tests.xctest */ = {isa = PBXFileReference; explicitFileType = wrapper.cfbundle; includeInIndex = 0; path = "socket.io-push-tests.xctest"; sourceTree = BUILT_PRODUCTS_DIR; };
		C3567E781CE45A5F007F1216 /* Info.plist */ = {isa = PBXFileReference; lastKnownFileType = text.plist.xml; path = Info.plist; sourceTree = "<group>"; };
		C364EA921CE1E3B00074FDCC /* Socket.io-push.app */ = {isa = PBXFileReference; explicitFileType = wrapper.application; includeInIndex = 0; path = "Socket.io-push.app"; sourceTree = BUILT_PRODUCTS_DIR; };
/* End PBXFileReference section */

/* Begin PBXFrameworksBuildPhase section */
		C3567E711CE45A5F007F1216 /* Frameworks */ = {
			isa = PBXFrameworksBuildPhase;
			buildActionMask = 2147483647;
			files = (
			);
			runOnlyForDeploymentPostprocessing = 0;
		};
		C364EA8F1CE1E3B00074FDCC /* Frameworks */ = {
			isa = PBXFrameworksBuildPhase;
			buildActionMask = 2147483647;
			files = (
				4A27BCC1CC85F1400D1AC2F6 /* libPods-Socket.io-push.a in Frameworks */,
			);
			runOnlyForDeploymentPostprocessing = 0;
		};
/* End PBXFrameworksBuildPhase section */

/* Begin PBXGroup section */
		384868FC6681A03E70E61DB7 /* Frameworks */ = {
			isa = PBXGroup;
			children = (
				69E3C2C9E386339F2FBAB091 /* libPods-Socket.io-push.a */,
			);
			name = Frameworks;
			sourceTree = "<group>";
		};
		7327ECA31CE3122600092D85 /* socket.io-push */ = {
			isa = PBXGroup;
			children = (
				7327ECA41CE3122600092D85 /* AppDelegate.swift */,
				7327ECA51CE3122600092D85 /* Assets.xcassets */,
				7327ECA61CE3122600092D85 /* LaunchScreen.storyboard */,
				7327ECA81CE3122600092D85 /* Main.storyboard */,
				7327ECAA1CE3122600092D85 /* ChatInfo.swift */,
				7327ECAB1CE3122600092D85 /* Info.plist */,
				7327ECAD1CE3122600092D85 /* ViewController.swift */,
				738080CC1D76BCFB006FAD59 /* push-Bridging-Header.h */,
			);
			path = "socket.io-push";
			sourceTree = "<group>";
		};
		73F6D86B1D76B41500885BF9 /* source-oc */ = {
			isa = PBXGroup;
			children = (
				73F6D86C1D76B41500885BF9 /* MisakaSocketOcEvent.h */,
				73F6D86D1D76B41500885BF9 /* MisakaSocketOcEvent.m */,
				73F6D86E1D76B41500885BF9 /* PushIdGeneratorBaseOc.h */,
				73F6D86F1D76B41500885BF9 /* PushIdGeneratorBaseOc.m */,
				73F6D8701D76B41500885BF9 /* SocketIOProxyClientOC.h */,
				73F6D8711D76B41500885BF9 /* SocketIOProxyClientOC.m */,
				73F6D8721D76B41500885BF9 /* SocketPacketOc.h */,
				73F6D8731D76B41500885BF9 /* SocketPacketOc.m */,
				73F6D8741D76B41500885BF9 /* SocketParserOc.h */,
				73F6D8751D76B41500885BF9 /* SocketParserOc.m */,
				73F6D8761D76B41500885BF9 /* SocketStringReaderOc.h */,
				73F6D8771D76B41500885BF9 /* SocketStringReaderOc.m */,
			);
			path = "source-oc";
			sourceTree = "<group>";
		};
		7FFED92788348A624C25B1DC /* Pods */ = {
			isa = PBXGroup;
			children = (
				41FD6007DA9537155CBAF04D /* Pods-Socket.io-push.debug.xcconfig */,
				24961991AA11FC558A8EA2EE /* Pods-Socket.io-push.release.xcconfig */,
			);
			name = Pods;
			sourceTree = "<group>";
		};
		C3567E751CE45A5F007F1216 /* socket.io-push-tests */ = {
			isa = PBXGroup;
			children = (
				C3567E781CE45A5F007F1216 /* Info.plist */,
			);
			path = "socket.io-push-tests";
			sourceTree = "<group>";
		};
		C364EA891CE1E3B00074FDCC = {
			isa = PBXGroup;
			children = (
				7357A9F41E03ADE60084434E /* Socket.io-push.entitlements */,
				73F6D86B1D76B41500885BF9 /* source-oc */,
				7327ECA31CE3122600092D85 /* socket.io-push */,
				C3567E751CE45A5F007F1216 /* socket.io-push-tests */,
				C364EA931CE1E3B00074FDCC /* Products */,
				7FFED92788348A624C25B1DC /* Pods */,
				384868FC6681A03E70E61DB7 /* Frameworks */,
			);
			sourceTree = "<group>";
		};
		C364EA931CE1E3B00074FDCC /* Products */ = {
			isa = PBXGroup;
			children = (
				C364EA921CE1E3B00074FDCC /* Socket.io-push.app */,
				C3567E741CE45A5F007F1216 /* socket.io-push-tests.xctest */,
			);
			name = Products;
			sourceTree = "<group>";
		};
/* End PBXGroup section */

/* Begin PBXNativeTarget section */
		C3567E731CE45A5F007F1216 /* socket.io-push-tests */ = {
			isa = PBXNativeTarget;
			buildConfigurationList = C3567E7B1CE45A5F007F1216 /* Build configuration list for PBXNativeTarget "socket.io-push-tests" */;
			buildPhases = (
				C3567E701CE45A5F007F1216 /* Sources */,
				C3567E711CE45A5F007F1216 /* Frameworks */,
				C3567E721CE45A5F007F1216 /* Resources */,
			);
			buildRules = (
			);
			dependencies = (
				C3567E7A1CE45A5F007F1216 /* PBXTargetDependency */,
			);
			name = "socket.io-push-tests";
			productName = "socket.io-push-tests";
			productReference = C3567E741CE45A5F007F1216 /* socket.io-push-tests.xctest */;
			productType = "com.apple.product-type.bundle.unit-test";
		};
		C364EA911CE1E3B00074FDCC /* Socket.io-push */ = {
			isa = PBXNativeTarget;
			buildConfigurationList = C364EAAF1CE1E3B10074FDCC /* Build configuration list for PBXNativeTarget "Socket.io-push" */;
			buildPhases = (
				0A905CDB276881F442B861AB /* [CP] Check Pods Manifest.lock */,
				C364EA8E1CE1E3B00074FDCC /* Sources */,
				C364EA8F1CE1E3B00074FDCC /* Frameworks */,
				C364EA901CE1E3B00074FDCC /* Resources */,
				BDCACF5A5721E7DB7DBA072E /* [CP] Embed Pods Frameworks */,
				509C2FC7C7319F415E0E2ECE /* [CP] Copy Pods Resources */,
			);
			buildRules = (
			);
			dependencies = (
			);
			name = "Socket.io-push";
			productName = "Socket.io-push";
			productReference = C364EA921CE1E3B00074FDCC /* Socket.io-push.app */;
			productType = "com.apple.product-type.application";
		};
/* End PBXNativeTarget section */

/* Begin PBXProject section */
		C364EA8A1CE1E3B00074FDCC /* Project object */ = {
			isa = PBXProject;
			attributes = {
				LastSwiftUpdateCheck = 0730;
				LastUpgradeCheck = 0730;
				ORGANIZATIONNAME = Gocy;
				TargetAttributes = {
					C3567E731CE45A5F007F1216 = {
						CreatedOnToolsVersion = 7.3;
						LastSwiftMigration = 0830;
						TestTargetID = C364EA911CE1E3B00074FDCC;
					};
					C364EA911CE1E3B00074FDCC = {
						CreatedOnToolsVersion = 7.3;
						DevelopmentTeam = RA5DTC26D2;
						LastSwiftMigration = 0830;
						SystemCapabilities = {
							com.apple.BackgroundModes = {
								enabled = 1;
							};
							com.apple.Push = {
								enabled = 1;
							};
						};
					};
				};
			};
			buildConfigurationList = C364EA8D1CE1E3B00074FDCC /* Build configuration list for PBXProject "socket.io-push" */;
			compatibilityVersion = "Xcode 3.2";
			developmentRegion = English;
			hasScannedForEncodings = 0;
			knownRegions = (
				en,
				Base,
			);
			mainGroup = C364EA891CE1E3B00074FDCC;
			productRefGroup = C364EA931CE1E3B00074FDCC /* Products */;
			projectDirPath = "";
			projectRoot = "";
			targets = (
				C364EA911CE1E3B00074FDCC /* Socket.io-push */,
				C3567E731CE45A5F007F1216 /* socket.io-push-tests */,
			);
		};
/* End PBXProject section */

/* Begin PBXResourcesBuildPhase section */
		C3567E721CE45A5F007F1216 /* Resources */ = {
			isa = PBXResourcesBuildPhase;
			buildActionMask = 2147483647;
			files = (
			);
			runOnlyForDeploymentPostprocessing = 0;
		};
		C364EA901CE1E3B00074FDCC /* Resources */ = {
			isa = PBXResourcesBuildPhase;
			buildActionMask = 2147483647;
			files = (
				7327ECB31CE3122600092D85 /* Info.plist in Resources */,
				7327ECB11CE3122600092D85 /* Main.storyboard in Resources */,
				7327ECAF1CE3122600092D85 /* Assets.xcassets in Resources */,
				7327ECB01CE3122600092D85 /* LaunchScreen.storyboard in Resources */,
			);
			runOnlyForDeploymentPostprocessing = 0;
		};
/* End PBXResourcesBuildPhase section */

/* Begin PBXShellScriptBuildPhase section */
		0A905CDB276881F442B861AB /* [CP] Check Pods Manifest.lock */ = {
			isa = PBXShellScriptBuildPhase;
			buildActionMask = 2147483647;
			files = (
			);
			inputPaths = (
			);
			name = "[CP] Check Pods Manifest.lock";
			outputPaths = (
			);
			runOnlyForDeploymentPostprocessing = 0;
			shellPath = /bin/sh;
			shellScript = "diff \"${PODS_ROOT}/../Podfile.lock\" \"${PODS_ROOT}/Manifest.lock\" > /dev/null\nif [ $? != 0 ] ; then\n    # print error to STDERR\n    echo \"error: The sandbox is not in sync with the Podfile.lock. Run 'pod install' or update your CocoaPods installation.\" >&2\n    exit 1\nfi\n";
			showEnvVarsInLog = 0;
		};
		509C2FC7C7319F415E0E2ECE /* [CP] Copy Pods Resources */ = {
			isa = PBXShellScriptBuildPhase;
			buildActionMask = 2147483647;
			files = (
			);
			inputPaths = (
			);
			name = "[CP] Copy Pods Resources";
			outputPaths = (
			);
			runOnlyForDeploymentPostprocessing = 0;
			shellPath = /bin/sh;
			shellScript = "\"${SRCROOT}/Pods/Target Support Files/Pods-Socket.io-push/Pods-Socket.io-push-resources.sh\"\n";
			showEnvVarsInLog = 0;
		};
		BDCACF5A5721E7DB7DBA072E /* [CP] Embed Pods Frameworks */ = {
			isa = PBXShellScriptBuildPhase;
			buildActionMask = 2147483647;
			files = (
			);
			inputPaths = (
			);
			name = "[CP] Embed Pods Frameworks";
			outputPaths = (
			);
			runOnlyForDeploymentPostprocessing = 0;
			shellPath = /bin/sh;
			shellScript = "\"${SRCROOT}/Pods/Target Support Files/Pods-Socket.io-push/Pods-Socket.io-push-frameworks.sh\"\n";
			showEnvVarsInLog = 0;
		};
/* End PBXShellScriptBuildPhase section */

/* Begin PBXSourcesBuildPhase section */
		C3567E701CE45A5F007F1216 /* Sources */ = {
			isa = PBXSourcesBuildPhase;
			buildActionMask = 2147483647;
			files = (
			);
			runOnlyForDeploymentPostprocessing = 0;
		};
		C364EA8E1CE1E3B00074FDCC /* Sources */ = {
			isa = PBXSourcesBuildPhase;
			buildActionMask = 2147483647;
			files = (
				73F6D8781D76B41500885BF9 /* MisakaSocketOcEvent.m in Sources */,
				73F6D87C1D76B41500885BF9 /* SocketParserOc.m in Sources */,
				7327ECAE1CE3122600092D85 /* AppDelegate.swift in Sources */,
				73F6D87D1D76B41500885BF9 /* SocketStringReaderOc.m in Sources */,
				73F6D87B1D76B41500885BF9 /* SocketPacketOc.m in Sources */,
				7327ECB21CE3122600092D85 /* ChatInfo.swift in Sources */,
				73F6D87A1D76B41500885BF9 /* SocketIOProxyClientOC.m in Sources */,
				7327ECB51CE3122600092D85 /* ViewController.swift in Sources */,
				73F6D8791D76B41500885BF9 /* PushIdGeneratorBaseOc.m in Sources */,
			);
			runOnlyForDeploymentPostprocessing = 0;
		};
/* End PBXSourcesBuildPhase section */

/* Begin PBXTargetDependency section */
		C3567E7A1CE45A5F007F1216 /* PBXTargetDependency */ = {
			isa = PBXTargetDependency;
			target = C364EA911CE1E3B00074FDCC /* Socket.io-push */;
			targetProxy = C3567E791CE45A5F007F1216 /* PBXContainerItemProxy */;
		};
/* End PBXTargetDependency section */

/* Begin PBXVariantGroup section */
		7327ECA61CE3122600092D85 /* LaunchScreen.storyboard */ = {
			isa = PBXVariantGroup;
			children = (
				7327ECA71CE3122600092D85 /* Base */,
			);
			name = LaunchScreen.storyboard;
			sourceTree = "<group>";
		};
		7327ECA81CE3122600092D85 /* Main.storyboard */ = {
			isa = PBXVariantGroup;
			children = (
				7327ECA91CE3122600092D85 /* Base */,
			);
			name = Main.storyboard;
			sourceTree = "<group>";
		};
/* End PBXVariantGroup section */

/* Begin XCBuildConfiguration section */
		C3567E7C1CE45A5F007F1216 /* Debug */ = {
			isa = XCBuildConfiguration;
			buildSettings = {
				BUNDLE_LOADER = "$(TEST_HOST)";
				INFOPLIST_FILE = "socket.io-push-tests/Info.plist";
				LD_RUNPATH_SEARCH_PATHS = "$(inherited) @executable_path/Frameworks @loader_path/Frameworks";
				PRODUCT_BUNDLE_IDENTIFIER = "com.xuduo.socket-io-push-tests";
				PRODUCT_NAME = "$(TARGET_NAME)";
				SWIFT_VERSION = 3.0;
				TEST_HOST = "$(BUILT_PRODUCTS_DIR)/Socket.io-push.app/Socket.io-push";
			};
			name = Debug;
		};
		C3567E7D1CE45A5F007F1216 /* Release */ = {
			isa = XCBuildConfiguration;
			buildSettings = {
				BUNDLE_LOADER = "$(TEST_HOST)";
				INFOPLIST_FILE = "socket.io-push-tests/Info.plist";
				LD_RUNPATH_SEARCH_PATHS = "$(inherited) @executable_path/Frameworks @loader_path/Frameworks";
				PRODUCT_BUNDLE_IDENTIFIER = "com.xuduo.socket-io-push-tests";
				PRODUCT_NAME = "$(TARGET_NAME)";
				SWIFT_VERSION = 3.0;
				TEST_HOST = "$(BUILT_PRODUCTS_DIR)/Socket.io-push.app/Socket.io-push";
			};
			name = Release;
		};
		C364EAAD1CE1E3B10074FDCC /* Debug */ = {
			isa = XCBuildConfiguration;
			buildSettings = {
				ALWAYS_SEARCH_USER_PATHS = NO;
				CLANG_ANALYZER_NONNULL = YES;
				CLANG_CXX_LANGUAGE_STANDARD = "gnu++0x";
				CLANG_CXX_LIBRARY = "libc++";
				CLANG_ENABLE_MODULES = YES;
				CLANG_ENABLE_OBJC_ARC = YES;
				CLANG_WARN_BOOL_CONVERSION = YES;
				CLANG_WARN_CONSTANT_CONVERSION = YES;
				CLANG_WARN_DIRECT_OBJC_ISA_USAGE = YES_ERROR;
				CLANG_WARN_EMPTY_BODY = YES;
				CLANG_WARN_ENUM_CONVERSION = YES;
				CLANG_WARN_INT_CONVERSION = YES;
				CLANG_WARN_OBJC_ROOT_CLASS = YES_ERROR;
				CLANG_WARN_UNREACHABLE_CODE = YES;
				CLANG_WARN__DUPLICATE_METHOD_MATCH = YES;
				"CODE_SIGN_IDENTITY[sdk=iphoneos*]" = "iPhone Developer";
				COPY_PHASE_STRIP = NO;
				DEBUG_INFORMATION_FORMAT = dwarf;
				ENABLE_STRICT_OBJC_MSGSEND = YES;
				ENABLE_TESTABILITY = YES;
				GCC_C_LANGUAGE_STANDARD = gnu99;
				GCC_DYNAMIC_NO_PIC = NO;
				GCC_NO_COMMON_BLOCKS = YES;
				GCC_OPTIMIZATION_LEVEL = 0;
				GCC_PREPROCESSOR_DEFINITIONS = (
					"DEBUG=1",
					"$(inherited)",
				);
				GCC_WARN_64_TO_32_BIT_CONVERSION = YES;
				GCC_WARN_ABOUT_RETURN_TYPE = YES_ERROR;
				GCC_WARN_UNDECLARED_SELECTOR = YES;
				GCC_WARN_UNINITIALIZED_AUTOS = YES_AGGRESSIVE;
				GCC_WARN_UNUSED_FUNCTION = YES;
				GCC_WARN_UNUSED_VARIABLE = YES;
				IPHONEOS_DEPLOYMENT_TARGET = 9.3;
				MTL_ENABLE_DEBUG_INFO = YES;
				ONLY_ACTIVE_ARCH = YES;
				SDKROOT = iphoneos;
				SWIFT_OPTIMIZATION_LEVEL = "-Onone";
				SWIFT_VERSION = 3.0;
				TARGETED_DEVICE_FAMILY = "1,2";
			};
			name = Debug;
		};
		C364EAAE1CE1E3B10074FDCC /* Release */ = {
			isa = XCBuildConfiguration;
			buildSettings = {
				ALWAYS_SEARCH_USER_PATHS = NO;
				CLANG_ANALYZER_NONNULL = YES;
				CLANG_CXX_LANGUAGE_STANDARD = "gnu++0x";
				CLANG_CXX_LIBRARY = "libc++";
				CLANG_ENABLE_MODULES = YES;
				CLANG_ENABLE_OBJC_ARC = YES;
				CLANG_WARN_BOOL_CONVERSION = YES;
				CLANG_WARN_CONSTANT_CONVERSION = YES;
				CLANG_WARN_DIRECT_OBJC_ISA_USAGE = YES_ERROR;
				CLANG_WARN_EMPTY_BODY = YES;
				CLANG_WARN_ENUM_CONVERSION = YES;
				CLANG_WARN_INT_CONVERSION = YES;
				CLANG_WARN_OBJC_ROOT_CLASS = YES_ERROR;
				CLANG_WARN_UNREACHABLE_CODE = YES;
				CLANG_WARN__DUPLICATE_METHOD_MATCH = YES;
				"CODE_SIGN_IDENTITY[sdk=iphoneos*]" = "iPhone Developer";
				COPY_PHASE_STRIP = NO;
				DEBUG_INFORMATION_FORMAT = "dwarf-with-dsym";
				ENABLE_NS_ASSERTIONS = NO;
				ENABLE_STRICT_OBJC_MSGSEND = YES;
				GCC_C_LANGUAGE_STANDARD = gnu99;
				GCC_NO_COMMON_BLOCKS = YES;
				GCC_WARN_64_TO_32_BIT_CONVERSION = YES;
				GCC_WARN_ABOUT_RETURN_TYPE = YES_ERROR;
				GCC_WARN_UNDECLARED_SELECTOR = YES;
				GCC_WARN_UNINITIALIZED_AUTOS = YES_AGGRESSIVE;
				GCC_WARN_UNUSED_FUNCTION = YES;
				GCC_WARN_UNUSED_VARIABLE = YES;
				IPHONEOS_DEPLOYMENT_TARGET = 9.3;
				MTL_ENABLE_DEBUG_INFO = NO;
				SDKROOT = iphoneos;
				SWIFT_VERSION = 3.0;
				TARGETED_DEVICE_FAMILY = "1,2";
				VALIDATE_PRODUCT = YES;
			};
			name = Release;
		};
		C364EAB01CE1E3B10074FDCC /* Debug */ = {
			isa = XCBuildConfiguration;
			baseConfigurationReference = 41FD6007DA9537155CBAF04D /* Pods-Socket.io-push.debug.xcconfig */;
			buildSettings = {
				ASSETCATALOG_COMPILER_APPICON_NAME = AppIcon;
				CODE_SIGN_ENTITLEMENTS = "Socket.io-push/Socket.io-push.entitlements";
				CODE_SIGN_IDENTITY = "iPhone Developer";
				DEVELOPMENT_TEAM = RA5DTC26D2;
				INFOPLIST_FILE = "Socket.io-push/Info.plist";
				IPHONEOS_DEPLOYMENT_TARGET = 7.0;
				LD_RUNPATH_SEARCH_PATHS = "$(inherited) @executable_path/Frameworks";
				PRODUCT_BUNDLE_IDENTIFIER = com.xuduopushtest;
				PRODUCT_NAME = "$(TARGET_NAME)";
				SWIFT_OBJC_BRIDGING_HEADER = "socket.io-push/push-Bridging-Header.h";
				SWIFT_VERSION = 3.0;
			};
			name = Debug;
		};
		C364EAB11CE1E3B10074FDCC /* Release */ = {
			isa = XCBuildConfiguration;
			baseConfigurationReference = 24961991AA11FC558A8EA2EE /* Pods-Socket.io-push.release.xcconfig */;
			buildSettings = {
				ASSETCATALOG_COMPILER_APPICON_NAME = AppIcon;
				CODE_SIGN_ENTITLEMENTS = "Socket.io-push/Socket.io-push.entitlements";
				CODE_SIGN_IDENTITY = "iPhone Developer";
				DEVELOPMENT_TEAM = RA5DTC26D2;
				INFOPLIST_FILE = "Socket.io-push/Info.plist";
				IPHONEOS_DEPLOYMENT_TARGET = 7.0;
				LD_RUNPATH_SEARCH_PATHS = "$(inherited) @executable_path/Frameworks";
				PRODUCT_BUNDLE_IDENTIFIER = com.xuduopushtest;
				PRODUCT_NAME = "$(TARGET_NAME)";
				SWIFT_OBJC_BRIDGING_HEADER = "socket.io-push/push-Bridging-Header.h";
				SWIFT_VERSION = 3.0;
			};
			name = Release;
		};
/* End XCBuildConfiguration section */

/* Begin XCConfigurationList section */
		C3567E7B1CE45A5F007F1216 /* Build configuration list for PBXNativeTarget "socket.io-push-tests" */ = {
			isa = XCConfigurationList;
			buildConfigurations = (
				C3567E7C1CE45A5F007F1216 /* Debug */,
				C3567E7D1CE45A5F007F1216 /* Release */,
			);
			defaultConfigurationIsVisible = 0;
			defaultConfigurationName = Release;
		};
		C364EA8D1CE1E3B00074FDCC /* Build configuration list for PBXProject "socket.io-push" */ = {
			isa = XCConfigurationList;
			buildConfigurations = (
				C364EAAD1CE1E3B10074FDCC /* Debug */,
				C364EAAE1CE1E3B10074FDCC /* Release */,
			);
			defaultConfigurationIsVisible = 0;
			defaultConfigurationName = Release;
		};
		C364EAAF1CE1E3B10074FDCC /* Build configuration list for PBXNativeTarget "Socket.io-push" */ = {
			isa = XCConfigurationList;
			buildConfigurations = (
				C364EAB01CE1E3B10074FDCC /* Debug */,
				C364EAB11CE1E3B10074FDCC /* Release */,
			);
			defaultConfigurationIsVisible = 0;
			defaultConfigurationName = Release;
		};
/* End XCConfigurationList section */
	};
	rootObject = C364EA8A1CE1E3B00074FDCC /* Project object */;
}
